
Microsoft Visual Studio Solution File, Format Version 12.00
# Visual Studio Version 16
VisualStudioVersion = 16.0.29920.165
MinimumVisualStudioVersion = 10.0.40219.1
Project("{FAE04EC0-301F-11D3-BF4B-00C04F79EFBC}") = "ReasArch", "ReasArch\ReasArch.csproj", "{31E0D699-B758-48AC-9EF8-ADC4C6CD7D99}"
EndProject
Global
	GlobalSection(SolutionConfigurationPlatforms) = preSolution
		Debug|Any CPU = Debug|Any CPU
		Release|Any CPU = Release|Any CPU
	EndGlobalSection
	GlobalSection(ProjectConfigurationPlatforms) = postSolution
		{31E0D699-B758-48AC-9EF8-ADC4C6CD7D99}.Debug|Any CPU.ActiveCfg = Debug|Any CPU
		{31E0D699-B758-48AC-9EF8-ADC4C6CD7D99}.Debug|Any CPU.Build.0 = Debug|Any CPU
		{31E0D699-B758-48AC-9EF8-ADC4C6CD7D99}.Release|Any CPU.ActiveCfg = Release|Any CPU
		{31E0D699-B758-48AC-9EF8-ADC4C6CD7D99}.Release|Any CPU.Build.0 = Release|Any CPU
	EndGlobalSection
	GlobalSection(SolutionProperties) = preSolution
		HideSolutionNode = FALSE
	EndGlobalSection
	GlobalSection(ExtensibilityGlobals) = postSolution
		SolutionGuid = {94098479-B48D-4356-98BF-A546F16EDECB}
	EndGlobalSection
EndGlobal
